// !$*UTF8*$!
{
	archiveVersion = 1;
	classes = {
	};
	objectVersion = 48;
	objects = {

/* Begin PBXBuildFile section */
		2A3E6BC120B86B2E00E61E4F /* ForoNuevo.swift in Sources */ = {isa = PBXBuildFile; fileRef = 2A3E6BC020B86B2D00E61E4F /* ForoNuevo.swift */; };
		2A5B48E020B8438F003137AA /* VCCalendarViewController.swift in Sources */ = {isa = PBXBuildFile; fileRef = 2A5B48DF20B8438F003137AA /* VCCalendarViewController.swift */; };
		2A7E45CA20B7F33800863C13 /* Foro.swift in Sources */ = {isa = PBXBuildFile; fileRef = 2A7E45C920B7F33800863C13 /* Foro.swift */; };
		2A7E45D020B7F62000863C13 /* ArrayForos.swift in Sources */ = {isa = PBXBuildFile; fileRef = 2A7E45CF20B7F62000863C13 /* ArrayForos.swift */; };
		2AA312B820751E8200C46165 /* AppDelegate.swift in Sources */ = {isa = PBXBuildFile; fileRef = 2AA312B720751E8200C46165 /* AppDelegate.swift */; };
		2AA312BA20751E8200C46165 /* ViewController.swift in Sources */ = {isa = PBXBuildFile; fileRef = 2AA312B920751E8200C46165 /* ViewController.swift */; };
		2AA312BD20751E8200C46165 /* Main.storyboard in Resources */ = {isa = PBXBuildFile; fileRef = 2AA312BB20751E8200C46165 /* Main.storyboard */; };
		2AA312C020751E8200C46165 /* Hito1.xcdatamodeld in Sources */ = {isa = PBXBuildFile; fileRef = 2AA312BE20751E8200C46165 /* Hito1.xcdatamodeld */; };
		2AA312C220751E8200C46165 /* Assets.xcassets in Resources */ = {isa = PBXBuildFile; fileRef = 2AA312C120751E8200C46165 /* Assets.xcassets */; };
		2AA312C520751E8200C46165 /* LaunchScreen.storyboard in Resources */ = {isa = PBXBuildFile; fileRef = 2AA312C320751E8200C46165 /* LaunchScreen.storyboard */; };
		2AA312CF2076083600C46165 /* MiTabla1.swift in Sources */ = {isa = PBXBuildFile; fileRef = 2AA312CE2076083600C46165 /* MiTabla1.swift */; };
		2AA312D12076110700C46165 /* micelda1.swift in Sources */ = {isa = PBXBuildFile; fileRef = 2AA312D02076110700C46165 /* micelda1.swift */; };
		2AAAB81B2088795600F02AF3 /* VCMap.swift in Sources */ = {isa = PBXBuildFile; fileRef = 2AAAB81A2088795500F02AF3 /* VCMap.swift */; };
		2AAAB81F208F385A00F02AF3 /* ViewControllerCollection.swift in Sources */ = {isa = PBXBuildFile; fileRef = 2AAAB81E208F385A00F02AF3 /* ViewControllerCollection.swift */; };
		2AAAB821208F53EA00F02AF3 /* micelda2CollectionViewCell.swift in Sources */ = {isa = PBXBuildFile; fileRef = 2AAAB820208F53EA00F02AF3 /* micelda2CollectionViewCell.swift */; };
		2AAAB82520A3036A00F02AF3 /* VCRegistro.swift in Sources */ = {isa = PBXBuildFile; fileRef = 2AAAB82420A3036A00F02AF3 /* VCRegistro.swift */; };
		2AAAB82920A307DC00F02AF3 /* VCLogin.swift in Sources */ = {isa = PBXBuildFile; fileRef = 2AAAB82820A307DC00F02AF3 /* VCLogin.swift */; };
		2AB25A0520AEE32600850E7C /* VCConfiguracion.swift in Sources */ = {isa = PBXBuildFile; fileRef = 2AB25A0420AEE32600850E7C /* VCConfiguracion.swift */; };
		2AB66F0020C1401900B42E63 /* CeldaForo.swift in Sources */ = {isa = PBXBuildFile; fileRef = 2AB66EFF20C1401900B42E63 /* CeldaForo.swift */; };
		2AB66F0220C15A1900B42E63 /* VCNotas.swift in Sources */ = {isa = PBXBuildFile; fileRef = 2AB66F0120C15A1900B42E63 /* VCNotas.swift */; };
		2AB66F0420C16D3C00B42E63 /* Evento.swift in Sources */ = {isa = PBXBuildFile; fileRef = 2AB66F0320C16D3C00B42E63 /* Evento.swift */; };
		2AF35EAA207CDD6200695453 /* GoogleService-Info.plist in Resources */ = {isa = PBXBuildFile; fileRef = 2AF35EA9207CDD6100695453 /* GoogleService-Info.plist */; };
		2AF35EAC207CE1B000695453 /* DataHolder.swift in Sources */ = {isa = PBXBuildFile; fileRef = 2AF35EAB207CE1B000695453 /* DataHolder.swift */; };
		2AF35EAE207F88DA00695453 /* Perfil.swift in Sources */ = {isa = PBXBuildFile; fileRef = 2AF35EAD207F88DA00695453 /* Perfil.swift */; };
		2AFB34FD20AEFF1F00F16580 /* VCRegistrar.swift in Sources */ = {isa = PBXBuildFile; fileRef = 2AFB34FC20AEFF1F00F16580 /* VCRegistrar.swift */; };
		85490108B7822CF417BD46BA /* Pods_Hito1.framework in Frameworks */ = {isa = PBXBuildFile; fileRef = 27324900B0BE3CB5AAE0B826 /* Pods_Hito1.framework */; };
/* End PBXBuildFile section */

/* Begin PBXFileReference section */
		00699A5A0D82EBE80ACD9D85 /* Pods-Hito1.release.xcconfig */ = {isa = PBXFileReference; includeInIndex = 1; lastKnownFileType = text.xcconfig; name = "Pods-Hito1.release.xcconfig"; path = "Pods/Target Support Files/Pods-Hito1/Pods-Hito1.release.xcconfig"; sourceTree = "<group>"; };
		27324900B0BE3CB5AAE0B826 /* Pods_Hito1.framework */ = {isa = PBXFileReference; explicitFileType = wrapper.framework; includeInIndex = 0; path = Pods_Hito1.framework; sourceTree = BUILT_PRODUCTS_DIR; };
		2A3E6BC020B86B2D00E61E4F /* ForoNuevo.swift */ = {isa = PBXFileReference; lastKnownFileType = sourcecode.swift; path = ForoNuevo.swift; sourceTree = "<group>"; };
		2A5B48DF20B8438F003137AA /* VCCalendarViewController.swift */ = {isa = PBXFileReference; lastKnownFileType = sourcecode.swift; path = VCCalendarViewController.swift; sourceTree = "<group>"; };
		2A7E45C920B7F33800863C13 /* Foro.swift */ = {isa = PBXFileReference; lastKnownFileType = sourcecode.swift; path = Foro.swift; sourceTree = "<group>"; };
		2A7E45CF20B7F62000863C13 /* ArrayForos.swift */ = {isa = PBXFileReference; lastKnownFileType = sourcecode.swift; path = ArrayForos.swift; sourceTree = "<group>"; };
		2AA312B420751E8200C46165 /* Hito1.app */ = {isa = PBXFileReference; explicitFileType = wrapper.application; includeInIndex = 0; path = Hito1.app; sourceTree = BUILT_PRODUCTS_DIR; };
		2AA312B720751E8200C46165 /* AppDelegate.swift */ = {isa = PBXFileReference; lastKnownFileType = sourcecode.swift; path = AppDelegate.swift; sourceTree = "<group>"; };
		2AA312B920751E8200C46165 /* ViewController.swift */ = {isa = PBXFileReference; lastKnownFileType = sourcecode.swift; path = ViewController.swift; sourceTree = "<group>"; };
		2AA312BC20751E8200C46165 /* Base */ = {isa = PBXFileReference; lastKnownFileType = file.storyboard; name = Base; path = Base.lproj/Main.storyboard; sourceTree = "<group>"; };
		2AA312BF20751E8200C46165 /* Hito1.xcdatamodel */ = {isa = PBXFileReference; lastKnownFileType = wrapper.xcdatamodel; path = Hito1.xcdatamodel; sourceTree = "<group>"; };
		2AA312C120751E8200C46165 /* Assets.xcassets */ = {isa = PBXFileReference; lastKnownFileType = folder.assetcatalog; path = Assets.xcassets; sourceTree = "<group>"; };
		2AA312C420751E8200C46165 /* Base */ = {isa = PBXFileReference; lastKnownFileType = file.storyboard; name = Base; path = Base.lproj/LaunchScreen.storyboard; sourceTree = "<group>"; };
		2AA312C620751E8200C46165 /* Info.plist */ = {isa = PBXFileReference; lastKnownFileType = text.plist.xml; path = Info.plist; sourceTree = "<group>"; };
		2AA312CE2076083600C46165 /* MiTabla1.swift */ = {isa = PBXFileReference; lastKnownFileType = sourcecode.swift; path = MiTabla1.swift; sourceTree = "<group>"; };
		2AA312D02076110700C46165 /* micelda1.swift */ = {isa = PBXFileReference; lastKnownFileType = sourcecode.swift; path = micelda1.swift; sourceTree = "<group>"; };
		2AAAB81A2088795500F02AF3 /* VCMap.swift */ = {isa = PBXFileReference; lastKnownFileType = sourcecode.swift; path = VCMap.swift; sourceTree = "<group>"; };
		2AAAB81E208F385A00F02AF3 /* ViewControllerCollection.swift */ = {isa = PBXFileReference; lastKnownFileType = sourcecode.swift; path = ViewControllerCollection.swift; sourceTree = "<group>"; };
		2AAAB820208F53EA00F02AF3 /* micelda2CollectionViewCell.swift */ = {isa = PBXFileReference; lastKnownFileType = sourcecode.swift; path = micelda2CollectionViewCell.swift; sourceTree = "<group>"; };
		2AAAB82420A3036A00F02AF3 /* VCRegistro.swift */ = {isa = PBXFileReference; lastKnownFileType = sourcecode.swift; path = VCRegistro.swift; sourceTree = "<group>"; };
		2AAAB82820A307DC00F02AF3 /* VCLogin.swift */ = {isa = PBXFileReference; lastKnownFileType = sourcecode.swift; path = VCLogin.swift; sourceTree = "<group>"; };
		2AB25A0420AEE32600850E7C /* VCConfiguracion.swift */ = {isa = PBXFileReference; lastKnownFileType = sourcecode.swift; path = VCConfiguracion.swift; sourceTree = "<group>"; };
		2AB66EFF20C1401900B42E63 /* CeldaForo.swift */ = {isa = PBXFileReference; fileEncoding = 4; lastKnownFileType = sourcecode.swift; name = CeldaForo.swift; path = ../../../../Desktop/PerPill/Hito1C/Hito1/Hito1/CeldaForo.swift; sourceTree = "<group>"; };
		2AB66F0120C15A1900B42E63 /* VCNotas.swift */ = {isa = PBXFileReference; lastKnownFileType = sourcecode.swift; path = VCNotas.swift; sourceTree = "<group>"; };
		2AB66F0320C16D3C00B42E63 /* Evento.swift */ = {isa = PBXFileReference; lastKnownFileType = sourcecode.swift; path = Evento.swift; sourceTree = "<group>"; };
		2AF35EA9207CDD6100695453 /* GoogleService-Info.plist */ = {isa = PBXFileReference; fileEncoding = 4; lastKnownFileType = text.plist.xml; path = "GoogleService-Info.plist"; sourceTree = "<group>"; };
		2AF35EAB207CE1B000695453 /* DataHolder.swift */ = {isa = PBXFileReference; lastKnownFileType = sourcecode.swift; path = DataHolder.swift; sourceTree = "<group>"; };
		2AF35EAD207F88DA00695453 /* Perfil.swift */ = {isa = PBXFileReference; lastKnownFileType = sourcecode.swift; path = Perfil.swift; sourceTree = "<group>"; };
		2AFB34FC20AEFF1F00F16580 /* VCRegistrar.swift */ = {isa = PBXFileReference; lastKnownFileType = sourcecode.swift; path = VCRegistrar.swift; sourceTree = "<group>"; };
		3AE98A418DE94A0823573824 /* Pods-Hito1.debug.xcconfig */ = {isa = PBXFileReference; includeInIndex = 1; lastKnownFileType = text.xcconfig; name = "Pods-Hito1.debug.xcconfig"; path = "Pods/Target Support Files/Pods-Hito1/Pods-Hito1.debug.xcconfig"; sourceTree = "<group>"; };
/* End PBXFileReference section */

/* Begin PBXFrameworksBuildPhase section */
		2AA312B120751E8100C46165 /* Frameworks */ = {
			isa = PBXFrameworksBuildPhase;
			buildActionMask = 2147483647;
			files = (
				85490108B7822CF417BD46BA /* Pods_Hito1.framework in Frameworks */,
			);
			runOnlyForDeploymentPostprocessing = 0;
		};
/* End PBXFrameworksBuildPhase section */

/* Begin PBXGroup section */
		2AA312AB20751E8100C46165 = {
			isa = PBXGroup;
			children = (
				2AA312B620751E8200C46165 /* Hito1 */,
				2AA312B520751E8200C46165 /* Products */,
				CF2A67FA1FD29D7C3C0D4A81 /* Pods */,
				A41DE56A5A3422A3DF4AF5E6 /* Frameworks */,
			);
			sourceTree = "<group>";
		};
		2AA312B520751E8200C46165 /* Products */ = {
			isa = PBXGroup;
			children = (
				2AA312B420751E8200C46165 /* Hito1.app */,
			);
			name = Products;
			sourceTree = "<group>";
		};
		2AA312B620751E8200C46165 /* Hito1 */ = {
			isa = PBXGroup;
			children = (
				2AF35EA9207CDD6100695453 /* GoogleService-Info.plist */,
				2AA312B720751E8200C46165 /* AppDelegate.swift */,
				2AA312B920751E8200C46165 /* ViewController.swift */,
				2AF35EAB207CE1B000695453 /* DataHolder.swift */,
				2AFB34FC20AEFF1F00F16580 /* VCRegistrar.swift */,
				2AA312BB20751E8200C46165 /* Main.storyboard */,
				2AA312C120751E8200C46165 /* Assets.xcassets */,
				2AA312C320751E8200C46165 /* LaunchScreen.storyboard */,
				2AB66F0320C16D3C00B42E63 /* Evento.swift */,
				2AB25A0420AEE32600850E7C /* VCConfiguracion.swift */,
				2AB66F0120C15A1900B42E63 /* VCNotas.swift */,
				2AA312C620751E8200C46165 /* Info.plist */,
				2AA312BE20751E8200C46165 /* Hito1.xcdatamodeld */,
				2AA312CE2076083600C46165 /* MiTabla1.swift */,
				2AA312D02076110700C46165 /* micelda1.swift */,
				2AF35EAD207F88DA00695453 /* Perfil.swift */,
				2AAAB81A2088795500F02AF3 /* VCMap.swift */,
				2AAAB81E208F385A00F02AF3 /* ViewControllerCollection.swift */,
				2AAAB820208F53EA00F02AF3 /* micelda2CollectionViewCell.swift */,
				2AB66EFF20C1401900B42E63 /* CeldaForo.swift */,
				2AAAB82420A3036A00F02AF3 /* VCRegistro.swift */,
				2AAAB82820A307DC00F02AF3 /* VCLogin.swift */,
				2A7E45C920B7F33800863C13 /* Foro.swift */,
				2A7E45CF20B7F62000863C13 /* ArrayForos.swift */,
				2A3E6BC020B86B2D00E61E4F /* ForoNuevo.swift */,
				2A5B48DF20B8438F003137AA /* VCCalendarViewController.swift */,
			);
			path = Hito1;
			sourceTree = "<group>";
		};
		A41DE56A5A3422A3DF4AF5E6 /* Frameworks */ = {
			isa = PBXGroup;
			children = (
				27324900B0BE3CB5AAE0B826 /* Pods_Hito1.framework */,
			);
			name = Frameworks;
			sourceTree = "<group>";
		};
		CF2A67FA1FD29D7C3C0D4A81 /* Pods */ = {
			isa = PBXGroup;
			children = (
				3AE98A418DE94A0823573824 /* Pods-Hito1.debug.xcconfig */,
				00699A5A0D82EBE80ACD9D85 /* Pods-Hito1.release.xcconfig */,
			);
			name = Pods;
			sourceTree = "<group>";
		};
/* End PBXGroup section */

/* Begin PBXNativeTarget section */
		2AA312B320751E8100C46165 /* Hito1 */ = {
			isa = PBXNativeTarget;
			buildConfigurationList = 2AA312C920751E8200C46165 /* Build configuration list for PBXNativeTarget "Hito1" */;
			buildPhases = (
				3D019506276875E6E7A25C72 /* [CP] Check Pods Manifest.lock */,
				2AA312B020751E8100C46165 /* Sources */,
				2AA312B120751E8100C46165 /* Frameworks */,
				2AA312B220751E8100C46165 /* Resources */,
				47B047A63685E577D9724EE6 /* [CP] Embed Pods Frameworks */,
			);
			buildRules = (
			);
			dependencies = (
			);
			name = Hito1;
			productName = Hito1;
			productReference = 2AA312B420751E8200C46165 /* Hito1.app */;
			productType = "com.apple.product-type.application";
		};
/* End PBXNativeTarget section */

/* Begin PBXProject section */
		2AA312AC20751E8100C46165 /* Project object */ = {
			isa = PBXProject;
			attributes = {
				LastSwiftUpdateCheck = 0920;
				LastUpgradeCheck = 0920;
				ORGANIZATIONNAME = "Alvaro Barrado";
				TargetAttributes = {
					2AA312B320751E8100C46165 = {
						CreatedOnToolsVersion = 9.2;
						ProvisioningStyle = Automatic;
					};
				};
			};
			buildConfigurationList = 2AA312AF20751E8100C46165 /* Build configuration list for PBXProject "Hito1" */;
			compatibilityVersion = "Xcode 8.0";
			developmentRegion = en;
			hasScannedForEncodings = 0;
			knownRegions = (
				en,
				Base,
			);
			mainGroup = 2AA312AB20751E8100C46165;
			productRefGroup = 2AA312B520751E8200C46165 /* Products */;
			projectDirPath = "";
			projectRoot = "";
			targets = (
				2AA312B320751E8100C46165 /* Hito1 */,
			);
		};
/* End PBXProject section */

/* Begin PBXResourcesBuildPhase section */
		2AA312B220751E8100C46165 /* Resources */ = {
			isa = PBXResourcesBuildPhase;
			buildActionMask = 2147483647;
			files = (
				2AA312C520751E8200C46165 /* LaunchScreen.storyboard in Resources */,
				2AA312C220751E8200C46165 /* Assets.xcassets in Resources */,
				2AF35EAA207CDD6200695453 /* GoogleService-Info.plist in Resources */,
				2AA312BD20751E8200C46165 /* Main.storyboard in Resources */,
			);
			runOnlyForDeploymentPostprocessing = 0;
		};
/* End PBXResourcesBuildPhase section */

/* Begin PBXShellScriptBuildPhase section */
		3D019506276875E6E7A25C72 /* [CP] Check Pods Manifest.lock */ = {
			isa = PBXShellScriptBuildPhase;
			buildActionMask = 2147483647;
			files = (
			);
			inputPaths = (
				"${PODS_PODFILE_DIR_PATH}/Podfile.lock",
				"${PODS_ROOT}/Manifest.lock",
			);
			name = "[CP] Check Pods Manifest.lock";
			outputPaths = (
				"$(DERIVED_FILE_DIR)/Pods-Hito1-checkManifestLockResult.txt",
			);
			runOnlyForDeploymentPostprocessing = 0;
			shellPath = /bin/sh;
			shellScript = "diff \"${PODS_PODFILE_DIR_PATH}/Podfile.lock\" \"${PODS_ROOT}/Manifest.lock\" > /dev/null\nif [ $? != 0 ] ; then\n    # print error to STDERR\n    echo \"error: The sandbox is not in sync with the Podfile.lock. Run 'pod install' or update your CocoaPods installation.\" >&2\n    exit 1\nfi\n# This output is used by Xcode 'outputs' to avoid re-running this script phase.\necho \"SUCCESS\" > \"${SCRIPT_OUTPUT_FILE_0}\"\n";
			showEnvVarsInLog = 0;
		};
		47B047A63685E577D9724EE6 /* [CP] Embed Pods Frameworks */ = {
			isa = PBXShellScriptBuildPhase;
			buildActionMask = 2147483647;
			files = (
			);
			inputPaths = (
				"${SRCROOT}/Pods/Target Support Files/Pods-Hito1/Pods-Hito1-frameworks.sh",
				"${BUILT_PRODUCTS_DIR}/BoringSSL/openssl.framework",
				"${BUILT_PRODUCTS_DIR}/GTMSessionFetcher/GTMSessionFetcher.framework",
				"${BUILT_PRODUCTS_DIR}/GoogleToolboxForMac/GoogleToolboxForMac.framework",
				"${BUILT_PRODUCTS_DIR}/Protobuf/Protobuf.framework",
				"${BUILT_PRODUCTS_DIR}/VACalendar/VACalendar.framework",
				"${BUILT_PRODUCTS_DIR}/gRPC/GRPCClient.framework",
				"${BUILT_PRODUCTS_DIR}/gRPC-Core/grpc.framework",
				"${BUILT_PRODUCTS_DIR}/gRPC-ProtoRPC/ProtoRPC.framework",
				"${BUILT_PRODUCTS_DIR}/gRPC-RxLibrary/RxLibrary.framework",
				"${BUILT_PRODUCTS_DIR}/leveldb-library/leveldb.framework",
				"${BUILT_PRODUCTS_DIR}/nanopb/nanopb.framework",
			);
			name = "[CP] Embed Pods Frameworks";
			outputPaths = (
				"${TARGET_BUILD_DIR}/${FRAMEWORKS_FOLDER_PATH}/openssl.framework",
				"${TARGET_BUILD_DIR}/${FRAMEWORKS_FOLDER_PATH}/GTMSessionFetcher.framework",
				"${TARGET_BUILD_DIR}/${FRAMEWORKS_FOLDER_PATH}/GoogleToolboxForMac.framework",
				"${TARGET_BUILD_DIR}/${FRAMEWORKS_FOLDER_PATH}/Protobuf.framework",
				"${TARGET_BUILD_DIR}/${FRAMEWORKS_FOLDER_PATH}/VACalendar.framework",
				"${TARGET_BUILD_DIR}/${FRAMEWORKS_FOLDER_PATH}/GRPCClient.framework",
				"${TARGET_BUILD_DIR}/${FRAMEWORKS_FOLDER_PATH}/grpc.framework",
				"${TARGET_BUILD_DIR}/${FRAMEWORKS_FOLDER_PATH}/ProtoRPC.framework",
				"${TARGET_BUILD_DIR}/${FRAMEWORKS_FOLDER_PATH}/RxLibrary.framework",
				"${TARGET_BUILD_DIR}/${FRAMEWORKS_FOLDER_PATH}/leveldb.framework",
				"${TARGET_BUILD_DIR}/${FRAMEWORKS_FOLDER_PATH}/nanopb.framework",
			);
			runOnlyForDeploymentPostprocessing = 0;
			shellPath = /bin/sh;
			shellScript = "\"${SRCROOT}/Pods/Target Support Files/Pods-Hito1/Pods-Hito1-frameworks.sh\"\n";
			showEnvVarsInLog = 0;
		};
/* End PBXShellScriptBuildPhase section */

/* Begin PBXSourcesBuildPhase section */
		2AA312B020751E8100C46165 /* Sources */ = {
			isa = PBXSourcesBuildPhase;
			buildActionMask = 2147483647;
			files = (
				2AA312CF2076083600C46165 /* MiTabla1.swift in Sources */,
				2AAAB81B2088795600F02AF3 /* VCMap.swift in Sources */,
				2AFB34FD20AEFF1F00F16580 /* VCRegistrar.swift in Sources */,
				2AAAB82920A307DC00F02AF3 /* VCLogin.swift in Sources */,
				2AAAB81F208F385A00F02AF3 /* ViewControllerCollection.swift in Sources */,
				2AB66F0020C1401900B42E63 /* CeldaForo.swift in Sources */,
				2AF35EAE207F88DA00695453 /* Perfil.swift in Sources */,
				2AF35EAC207CE1B000695453 /* DataHolder.swift in Sources */,
				2A7E45D020B7F62000863C13 /* ArrayForos.swift in Sources */,
				2AB25A0520AEE32600850E7C /* VCConfiguracion.swift in Sources */,
				2AA312D12076110700C46165 /* micelda1.swift in Sources */,
				2AA312BA20751E8200C46165 /* ViewController.swift in Sources */,
				2AB66F0420C16D3C00B42E63 /* Evento.swift in Sources */,
				2A3E6BC120B86B2E00E61E4F /* ForoNuevo.swift in Sources */,
				2AAAB821208F53EA00F02AF3 /* micelda2CollectionViewCell.swift in Sources */,
				2AB66F0220C15A1900B42E63 /* VCNotas.swift in Sources */,
				2A7E45CA20B7F33800863C13 /* Foro.swift in Sources */,
				2AA312B820751E8200C46165 /* AppDelegate.swift in Sources */,
				2AA312C020751E8200C46165 /* Hito1.xcdatamodeld in Sources */,
				2AAAB82520A3036A00F02AF3 /* VCRegistro.swift in Sources */,
				2A5B48E020B8438F003137AA /* VCCalendarViewController.swift in Sources */,
			);
			runOnlyForDeploymentPostprocessing = 0;
		};
/* End PBXSourcesBuildPhase section */

/* Begin PBXVariantGroup section */
		2AA312BB20751E8200C46165 /* Main.storyboard */ = {
			isa = PBXVariantGroup;
			children = (
				2AA312BC20751E8200C46165 /* Base */,
			);
			name = Main.storyboard;
			sourceTree = "<group>";
		};
		2AA312C320751E8200C46165 /* LaunchScreen.storyboard */ = {
			isa = PBXVariantGroup;
			children = (
				2AA312C420751E8200C46165 /* Base */,
			);
			name = LaunchScreen.storyboard;
			sourceTree = "<group>";
		};
/* End PBXVariantGroup section */

/* Begin XCBuildConfiguration section */
		2AA312C720751E8200C46165 /* Debug */ = {
			isa = XCBuildConfiguration;
			buildSettings = {
				ALWAYS_SEARCH_USER_PATHS = NO;
				CLANG_ANALYZER_NONNULL = YES;
				CLANG_ANALYZER_NUMBER_OBJECT_CONVERSION = YES_AGGRESSIVE;
				CLANG_CXX_LANGUAGE_STANDARD = "gnu++14";
				CLANG_CXX_LIBRARY = "libc++";
				CLANG_ENABLE_MODULES = YES;
				CLANG_ENABLE_OBJC_ARC = YES;
				CLANG_WARN_BLOCK_CAPTURE_AUTORELEASING = YES;
				CLANG_WARN_BOOL_CONVERSION = YES;
				CLANG_WARN_COMMA = YES;
				CLANG_WARN_CONSTANT_CONVERSION = YES;
				CLANG_WARN_DIRECT_OBJC_ISA_USAGE = YES_ERROR;
				CLANG_WARN_DOCUMENTATION_COMMENTS = YES;
				CLANG_WARN_EMPTY_BODY = YES;
				CLANG_WARN_ENUM_CONVERSION = YES;
				CLANG_WARN_INFINITE_RECURSION = YES;
				CLANG_WARN_INT_CONVERSION = YES;
				CLANG_WARN_NON_LITERAL_NULL_CONVERSION = YES;
				CLANG_WARN_OBJC_LITERAL_CONVERSION = YES;
				CLANG_WARN_OBJC_ROOT_CLASS = YES_ERROR;
				CLANG_WARN_RANGE_LOOP_ANALYSIS = YES;
				CLANG_WARN_STRICT_PROTOTYPES = YES;
				CLANG_WARN_SUSPICIOUS_MOVE = YES;
				CLANG_WARN_UNGUARDED_AVAILABILITY = YES_AGGRESSIVE;
				CLANG_WARN_UNREACHABLE_CODE = YES;
				CLANG_WARN__DUPLICATE_METHOD_MATCH = YES;
				CODE_SIGN_IDENTITY = "iPhone Developer";
				COPY_PHASE_STRIP = NO;
				DEBUG_INFORMATION_FORMAT = dwarf;
				ENABLE_STRICT_OBJC_MSGSEND = YES;
				ENABLE_TESTABILITY = YES;
				GCC_C_LANGUAGE_STANDARD = gnu11;
				GCC_DYNAMIC_NO_PIC = NO;
				GCC_NO_COMMON_BLOCKS = YES;
				GCC_OPTIMIZATION_LEVEL = 0;
				GCC_PREPROCESSOR_DEFINITIONS = (
					"DEBUG=1",
					"$(inherited)",
				);
				GCC_WARN_64_TO_32_BIT_CONVERSION = YES;
				GCC_WARN_ABOUT_RETURN_TYPE = YES_ERROR;
				GCC_WARN_UNDECLARED_SELECTOR = YES;
				GCC_WARN_UNINITIALIZED_AUTOS = YES_AGGRESSIVE;
				GCC_WARN_UNUSED_FUNCTION = YES;
				GCC_WARN_UNUSED_VARIABLE = YES;
				IPHONEOS_DEPLOYMENT_TARGET = 11.2;
				MTL_ENABLE_DEBUG_INFO = YES;
				ONLY_ACTIVE_ARCH = YES;
				SDKROOT = iphoneos;
				SWIFT_ACTIVE_COMPILATION_CONDITIONS = DEBUG;
				SWIFT_OPTIMIZATION_LEVEL = "-Onone";
			};
			name = Debug;
		};
		2AA312C820751E8200C46165 /* Release */ = {
			isa = XCBuildConfiguration;
			buildSettings = {
				ALWAYS_SEARCH_USER_PATHS = NO;
				CLANG_ANALYZER_NONNULL = YES;
				CLANG_ANALYZER_NUMBER_OBJECT_CONVERSION = YES_AGGRESSIVE;
				CLANG_CXX_LANGUAGE_STANDARD = "gnu++14";
				CLANG_CXX_LIBRARY = "libc++";
				CLANG_ENABLE_MODULES = YES;
				CLANG_ENABLE_OBJC_ARC = YES;
				CLANG_WARN_BLOCK_CAPTURE_AUTORELEASING = YES;
				CLANG_WARN_BOOL_CONVERSION = YES;
				CLANG_WARN_COMMA = YES;
				CLANG_WARN_CONSTANT_CONVERSION = YES;
				CLANG_WARN_DIRECT_OBJC_ISA_USAGE = YES_ERROR;
				CLANG_WARN_DOCUMENTATION_COMMENTS = YES;
				CLANG_WARN_EMPTY_BODY = YES;
				CLANG_WARN_ENUM_CONVERSION = YES;
				CLANG_WARN_INFINITE_RECURSION = YES;
				CLANG_WARN_INT_CONVERSION = YES;
				CLANG_WARN_NON_LITERAL_NULL_CONVERSION = YES;
				CLANG_WARN_OBJC_LITERAL_CONVERSION = YES;
				CLANG_WARN_OBJC_ROOT_CLASS = YES_ERROR;
				CLANG_WARN_RANGE_LOOP_ANALYSIS = YES;
				CLANG_WARN_STRICT_PROTOTYPES = YES;
				CLANG_WARN_SUSPICIOUS_MOVE = YES;
				CLANG_WARN_UNGUARDED_AVAILABILITY = YES_AGGRESSIVE;
				CLANG_WARN_UNREACHABLE_CODE = YES;
				CLANG_WARN__DUPLICATE_METHOD_MATCH = YES;
				CODE_SIGN_IDENTITY = "iPhone Developer";
				COPY_PHASE_STRIP = NO;
				DEBUG_INFORMATION_FORMAT = "dwarf-with-dsym";
				ENABLE_NS_ASSERTIONS = NO;
				ENABLE_STRICT_OBJC_MSGSEND = YES;
				GCC_C_LANGUAGE_STANDARD = gnu11;
				GCC_NO_COMMON_BLOCKS = YES;
				GCC_WARN_64_TO_32_BIT_CONVERSION = YES;
				GCC_WARN_ABOUT_RETURN_TYPE = YES_ERROR;
				GCC_WARN_UNDECLARED_SELECTOR = YES;
				GCC_WARN_UNINITIALIZED_AUTOS = YES_AGGRESSIVE;
				GCC_WARN_UNUSED_FUNCTION = YES;
				GCC_WARN_UNUSED_VARIABLE = YES;
				IPHONEOS_DEPLOYMENT_TARGET = 11.2;
				MTL_ENABLE_DEBUG_INFO = NO;
				SDKROOT = iphoneos;
				SWIFT_OPTIMIZATION_LEVEL = "-Owholemodule";
				VALIDATE_PRODUCT = YES;
			};
			name = Release;
		};
		2AA312CA20751E8200C46165 /* Debug */ = {
			isa = XCBuildConfiguration;
			baseConfigurationReference = 3AE98A418DE94A0823573824 /* Pods-Hito1.debug.xcconfig */;
			buildSettings = {
				ASSETCATALOG_COMPILER_APPICON_NAME = AppIcon;
				CODE_SIGN_STYLE = Automatic;
				DEVELOPMENT_TEAM = 86CZ52Y2CQ;
				INFOPLIST_FILE = Hito1/Info.plist;
				LD_RUNPATH_SEARCH_PATHS = "$(inherited) @executable_path/Frameworks";
				PRODUCT_BUNDLE_IDENTIFIER = BarriSA.Hito1;
				PRODUCT_NAME = "$(TARGET_NAME)";
				SWIFT_VERSION = 4.0;
				TARGETED_DEVICE_FAMILY = "1,2";
			};
			name = Debug;
		};
		2AA312CB20751E8200C46165 /* Release */ = {
			isa = XCBuildConfiguration;
			baseConfigurationReference = 00699A5A0D82EBE80ACD9D85 /* Pods-Hito1.release.xcconfig */;
			buildSettings = {
				ASSETCATALOG_COMPILER_APPICON_NAME = AppIcon;
				CODE_SIGN_STYLE = Automatic;
				DEVELOPMENT_TEAM = 86CZ52Y2CQ;
				INFOPLIST_FILE = Hito1/Info.plist;
				LD_RUNPATH_SEARCH_PATHS = "$(inherited) @executable_path/Frameworks";
				PRODUCT_BUNDLE_IDENTIFIER = BarriSA.Hito1;
				PRODUCT_NAME = "$(TARGET_NAME)";
				SWIFT_VERSION = 4.0;
				TARGETED_DEVICE_FAMILY = "1,2";
			};
			name = Release;
		};
/* End XCBuildConfiguration section */

/* Begin XCConfigurationList section */
		2AA312AF20751E8100C46165 /* Build configuration list for PBXProject "Hito1" */ = {
			isa = XCConfigurationList;
			buildConfigurations = (
				2AA312C720751E8200C46165 /* Debug */,
				2AA312C820751E8200C46165 /* Release */,
			);
			defaultConfigurationIsVisible = 0;
			defaultConfigurationName = Release;
		};
		2AA312C920751E8200C46165 /* Build configuration list for PBXNativeTarget "Hito1" */ = {
			isa = XCConfigurationList;
			buildConfigurations = (
				2AA312CA20751E8200C46165 /* Debug */,
				2AA312CB20751E8200C46165 /* Release */,
			);
			defaultConfigurationIsVisible = 0;
			defaultConfigurationName = Release;
		};
/* End XCConfigurationList section */

/* Begin XCVersionGroup section */
		2AA312BE20751E8200C46165 /* Hito1.xcdatamodeld */ = {
			isa = XCVersionGroup;
			children = (
				2AA312BF20751E8200C46165 /* Hito1.xcdatamodel */,
			);
			currentVersion = 2AA312BF20751E8200C46165 /* Hito1.xcdatamodel */;
			path = Hito1.xcdatamodeld;
			sourceTree = "<group>";
			versionGroupType = wrapper.xcdatamodel;
		};
/* End XCVersionGroup section */
	};
	rootObject = 2AA312AC20751E8100C46165 /* Project object */;
}
